
Microsoft Visual Studio Solution File, Format Version 12.00
# Visual Studio 14
VisualStudioVersion = 14.0.25420.1
MinimumVisualStudioVersion = 10.0.40219.1
Project("{FAE04EC0-301F-11D3-BF4B-00C04F79EFBC}") = "PatientDataAdministration.Web", "PatientDataAdministration.Web\PatientDataAdministration.Web.csproj", "{654342CF-672C-43A7-83AE-02B337534E1D}"
EndProject
Project("{FAE04EC0-301F-11D3-BF4B-00C04F79EFBC}") = "PatientDataAdministration.Client", "PatientDataAdministration.Client\PatientDataAdministration.Client.csproj", "{5E50DD36-1F28-4C7A-8281-AA182D5AE721}"
EndProject
Project("{FAE04EC0-301F-11D3-BF4B-00C04F79EFBC}") = "PatientDataAdministration.Data", "PatientDataAdministration.Data\PatientDataAdministration.Data.csproj", "{0D35BDA4-BE0F-4FA4-B6C7-4766EFD5500B}"
EndProject
Project("{00D1A9C2-B5F0-4AF3-8072-F6C62B433612}") = "PatientDataAdministration.Database", "PatientDataAdministration.Database\PatientDataAdministration.Database.sqlproj", "{A30EBB8C-2F93-455A-890A-2EE0D28A11CD}"
EndProject
Project("{FAE04EC0-301F-11D3-BF4B-00C04F79EFBC}") = "PatientDataAdministration.Core", "PatientDataAdministration.Core\PatientDataAdministration.Core.csproj", "{9B1A1CF1-1BD1-4EF1-9281-07B07D0B3A43}"
EndProject
Global
	GlobalSection(SolutionConfigurationPlatforms) = preSolution
		Debug|Any CPU = Debug|Any CPU
		Release|Any CPU = Release|Any CPU
	EndGlobalSection
	GlobalSection(ProjectConfigurationPlatforms) = postSolution
		{654342CF-672C-43A7-83AE-02B337534E1D}.Debug|Any CPU.ActiveCfg = Debug|Any CPU
		{654342CF-672C-43A7-83AE-02B337534E1D}.Debug|Any CPU.Build.0 = Debug|Any CPU
		{654342CF-672C-43A7-83AE-02B337534E1D}.Release|Any CPU.ActiveCfg = Release|Any CPU
		{654342CF-672C-43A7-83AE-02B337534E1D}.Release|Any CPU.Build.0 = Release|Any CPU
		{5E50DD36-1F28-4C7A-8281-AA182D5AE721}.Debug|Any CPU.ActiveCfg = Debug|Any CPU
		{5E50DD36-1F28-4C7A-8281-AA182D5AE721}.Debug|Any CPU.Build.0 = Debug|Any CPU
		{5E50DD36-1F28-4C7A-8281-AA182D5AE721}.Release|Any CPU.ActiveCfg = Release|Any CPU
		{5E50DD36-1F28-4C7A-8281-AA182D5AE721}.Release|Any CPU.Build.0 = Release|Any CPU
		{0D35BDA4-BE0F-4FA4-B6C7-4766EFD5500B}.Debug|Any CPU.ActiveCfg = Debug|Any CPU
		{0D35BDA4-BE0F-4FA4-B6C7-4766EFD5500B}.Debug|Any CPU.Build.0 = Debug|Any CPU
		{0D35BDA4-BE0F-4FA4-B6C7-4766EFD5500B}.Release|Any CPU.ActiveCfg = Release|Any CPU
		{0D35BDA4-BE0F-4FA4-B6C7-4766EFD5500B}.Release|Any CPU.Build.0 = Release|Any CPU
		{A30EBB8C-2F93-455A-890A-2EE0D28A11CD}.Debug|Any CPU.ActiveCfg = Debug|Any CPU
		{A30EBB8C-2F93-455A-890A-2EE0D28A11CD}.Debug|Any CPU.Build.0 = Debug|Any CPU
		{A30EBB8C-2F93-455A-890A-2EE0D28A11CD}.Debug|Any CPU.Deploy.0 = Debug|Any CPU
		{A30EBB8C-2F93-455A-890A-2EE0D28A11CD}.Release|Any CPU.ActiveCfg = Release|Any CPU
		{A30EBB8C-2F93-455A-890A-2EE0D28A11CD}.Release|Any CPU.Build.0 = Release|Any CPU
		{A30EBB8C-2F93-455A-890A-2EE0D28A11CD}.Release|Any CPU.Deploy.0 = Release|Any CPU
		{9B1A1CF1-1BD1-4EF1-9281-07B07D0B3A43}.Debug|Any CPU.ActiveCfg = Debug|Any CPU
		{9B1A1CF1-1BD1-4EF1-9281-07B07D0B3A43}.Debug|Any CPU.Build.0 = Debug|Any CPU
		{9B1A1CF1-1BD1-4EF1-9281-07B07D0B3A43}.Release|Any CPU.ActiveCfg = Release|Any CPU
		{9B1A1CF1-1BD1-4EF1-9281-07B07D0B3A43}.Release|Any CPU.Build.0 = Release|Any CPU
	EndGlobalSection
	GlobalSection(SolutionProperties) = preSolution
		HideSolutionNode = FALSE
	EndGlobalSection
EndGlobal
